// !$*UTF8*$!
{
	archiveVersion = 1;
	classes = {
	};
	objectVersion = 46;
	objects = {

/* Begin PBXBuildFile section */
		687DF9EA1C8BF837001F2E06 /* main.m in Sources */ = {isa = PBXBuildFile; fileRef = 687DF9E91C8BF837001F2E06 /* main.m */; };
		687DF9ED1C8BF837001F2E06 /* AppDelegate.m in Sources */ = {isa = PBXBuildFile; fileRef = 687DF9EC1C8BF837001F2E06 /* AppDelegate.m */; };
		687DF9F01C8BF837001F2E06 /* ViewController.m in Sources */ = {isa = PBXBuildFile; fileRef = 687DF9EF1C8BF837001F2E06 /* ViewController.m */; };
		687DF9F31C8BF837001F2E06 /* Main.storyboard in Resources */ = {isa = PBXBuildFile; fileRef = 687DF9F11C8BF837001F2E06 /* Main.storyboard */; };
		687DF9F51C8BF837001F2E06 /* Assets.xcassets in Resources */ = {isa = PBXBuildFile; fileRef = 687DF9F41C8BF837001F2E06 /* Assets.xcassets */; };
		687DF9F81C8BF837001F2E06 /* LaunchScreen.storyboard in Resources */ = {isa = PBXBuildFile; fileRef = 687DF9F61C8BF837001F2E06 /* LaunchScreen.storyboard */; };
		687DFA031C8BF837001F2E06 /* SearchHistoryDemoTests.m in Sources */ = {isa = PBXBuildFile; fileRef = 687DFA021C8BF837001F2E06 /* SearchHistoryDemoTests.m */; };
		687DFA0E1C8BF837001F2E06 /* SearchHistoryDemoUITests.m in Sources */ = {isa = PBXBuildFile; fileRef = 687DFA0D1C8BF837001F2E06 /* SearchHistoryDemoUITests.m */; };
/* End PBXBuildFile section */

/* Begin PBXContainerItemProxy section */
		687DF9FF1C8BF837001F2E06 /* PBXContainerItemProxy */ = {
			isa = PBXContainerItemProxy;
			containerPortal = 687DF9DD1C8BF836001F2E06 /* Project object */;
			proxyType = 1;
			remoteGlobalIDString = 687DF9E41C8BF836001F2E06;
			remoteInfo = SearchHistoryDemo;
		};
		687DFA0A1C8BF837001F2E06 /* PBXContainerItemProxy */ = {
			isa = PBXContainerItemProxy;
			containerPortal = 687DF9DD1C8BF836001F2E06 /* Project object */;
			proxyType = 1;
			remoteGlobalIDString = 687DF9E41C8BF836001F2E06;
			remoteInfo = SearchHistoryDemo;
		};
/* End PBXContainerItemProxy section */

/* Begin PBXFileReference section */
		687DF9E51C8BF837001F2E06 /* SearchHistoryDemo.app */ = {isa = PBXFileReference; explicitFileType = wrapper.application; includeInIndex = 0; path = SearchHistoryDemo.app; sourceTree = BUILT_PRODUCTS_DIR; };
		687DF9E91C8BF837001F2E06 /* main.m */ = {isa = PBXFileReference; lastKnownFileType = sourcecode.c.objc; path = main.m; sourceTree = "<group>"; };
		687DF9EB1C8BF837001F2E06 /* AppDelegate.h */ = {isa = PBXFileReference; lastKnownFileType = sourcecode.c.h; path = AppDelegate.h; sourceTree = "<group>"; };
		687DF9EC1C8BF837001F2E06 /* AppDelegate.m */ = {isa = PBXFileReference; lastKnownFileType = sourcecode.c.objc; path = AppDelegate.m; sourceTree = "<group>"; };
		687DF9EE1C8BF837001F2E06 /* ViewController.h */ = {isa = PBXFileReference; lastKnownFileType = sourcecode.c.h; path = ViewController.h; sourceTree = "<group>"; };
		687DF9EF1C8BF837001F2E06 /* ViewController.m */ = {isa = PBXFileReference; lastKnownFileType = sourcecode.c.objc; path = ViewController.m; sourceTree = "<group>"; };
		687DF9F21C8BF837001F2E06 /* Base */ = {isa = PBXFileReference; lastKnownFileType = file.storyboard; name = Base; path = Base.lproj/Main.storyboard; sourceTree = "<group>"; };
		687DF9F41C8BF837001F2E06 /* Assets.xcassets */ = {isa = PBXFileReference; lastKnownFileType = folder.assetcatalog; path = Assets.xcassets; sourceTree = "<group>"; };
		687DF9F71C8BF837001F2E06 /* Base */ = {isa = PBXFileReference; lastKnownFileType = file.storyboard; name = Base; path = Base.lproj/LaunchScreen.storyboard; sourceTree = "<group>"; };
		687DF9F91C8BF837001F2E06 /* Info.plist */ = {isa = PBXFileReference; lastKnownFileType = text.plist.xml; path = Info.plist; sourceTree = "<group>"; };
		687DF9FE1C8BF837001F2E06 /* SearchHistoryDemoTests.xctest */ = {isa = PBXFileReference; explicitFileType = wrapper.cfbundle; includeInIndex = 0; path = SearchHistoryDemoTests.xctest; sourceTree = BUILT_PRODUCTS_DIR; };
		687DFA021C8BF837001F2E06 /* SearchHistoryDemoTests.m */ = {isa = PBXFileReference; lastKnownFileType = sourcecode.c.objc; path = SearchHistoryDemoTests.m; sourceTree = "<group>"; };
		687DFA041C8BF837001F2E06 /* Info.plist */ = {isa = PBXFileReference; lastKnownFileType = text.plist.xml; path = Info.plist; sourceTree = "<group>"; };
		687DFA091C8BF837001F2E06 /* SearchHistoryDemoUITests.xctest */ = {isa = PBXFileReference; explicitFileType = wrapper.cfbundle; includeInIndex = 0; path = SearchHistoryDemoUITests.xctest; sourceTree = BUILT_PRODUCTS_DIR; };
		687DFA0D1C8BF837001F2E06 /* SearchHistoryDemoUITests.m */ = {isa = PBXFileReference; lastKnownFileType = sourcecode.c.objc; path = SearchHistoryDemoUITests.m; sourceTree = "<group>"; };
		687DFA0F1C8BF837001F2E06 /* Info.plist */ = {isa = PBXFileReference; lastKnownFileType = text.plist.xml; path = Info.plist; sourceTree = "<group>"; };
/* End PBXFileReference section */

/* Begin PBXFrameworksBuildPhase section */
		687DF9E21C8BF836001F2E06 /* Frameworks */ = {
			isa = PBXFrameworksBuildPhase;
			buildActionMask = 2147483647;
			files = (
			);
			runOnlyForDeploymentPostprocessing = 0;
		};
		687DF9FB1C8BF837001F2E06 /* Frameworks */ = {
			isa = PBXFrameworksBuildPhase;
			buildActionMask = 2147483647;
			files = (
			);
			runOnlyForDeploymentPostprocessing = 0;
		};
		687DFA061C8BF837001F2E06 /* Frameworks */ = {
			isa = PBXFrameworksBuildPhase;
			buildActionMask = 2147483647;
			files = (
			);
			runOnlyForDeploymentPostprocessing = 0;
		};
/* End PBXFrameworksBuildPhase section */

/* Begin PBXGroup section */
		687DF9DC1C8BF836001F2E06 = {
			isa = PBXGroup;
			children = (
				687DF9E71C8BF837001F2E06 /* SearchHistoryDemo */,
				687DFA011C8BF837001F2E06 /* SearchHistoryDemoTests */,
				687DFA0C1C8BF837001F2E06 /* SearchHistoryDemoUITests */,
				687DF9E61C8BF837001F2E06 /* Products */,
			);
			sourceTree = "<group>";
		};
		687DF9E61C8BF837001F2E06 /* Products */ = {
			isa = PBXGroup;
			children = (
				687DF9E51C8BF837001F2E06 /* SearchHistoryDemo.app */,
				687DF9FE1C8BF837001F2E06 /* SearchHistoryDemoTests.xctest */,
				687DFA091C8BF837001F2E06 /* SearchHistoryDemoUITests.xctest */,
			);
			name = Products;
			sourceTree = "<group>";
		};
		687DF9E71C8BF837001F2E06 /* SearchHistoryDemo */ = {
			isa = PBXGroup;
			children = (
				687DF9EB1C8BF837001F2E06 /* AppDelegate.h */,
				687DF9EC1C8BF837001F2E06 /* AppDelegate.m */,
				687DF9EE1C8BF837001F2E06 /* ViewController.h */,
				687DF9EF1C8BF837001F2E06 /* ViewController.m */,
				687DF9F11C8BF837001F2E06 /* Main.storyboard */,
				687DF9F41C8BF837001F2E06 /* Assets.xcassets */,
				687DF9F61C8BF837001F2E06 /* LaunchScreen.storyboard */,
				687DF9F91C8BF837001F2E06 /* Info.plist */,
				687DF9E81C8BF837001F2E06 /* Supporting Files */,
			);
			path = SearchHistoryDemo;
			sourceTree = "<group>";
		};
		687DF9E81C8BF837001F2E06 /* Supporting Files */ = {
			isa = PBXGroup;
			children = (
				687DF9E91C8BF837001F2E06 /* main.m */,
			);
			name = "Supporting Files";
			sourceTree = "<group>";
		};
		687DFA011C8BF837001F2E06 /* SearchHistoryDemoTests */ = {
			isa = PBXGroup;
			children = (
				687DFA021C8BF837001F2E06 /* SearchHistoryDemoTests.m */,
				687DFA041C8BF837001F2E06 /* Info.plist */,
			);
			path = SearchHistoryDemoTests;
			sourceTree = "<group>";
		};
		687DFA0C1C8BF837001F2E06 /* SearchHistoryDemoUITests */ = {
			isa = PBXGroup;
			children = (
				687DFA0D1C8BF837001F2E06 /* SearchHistoryDemoUITests.m */,
				687DFA0F1C8BF837001F2E06 /* Info.plist */,
			);
			path = SearchHistoryDemoUITests;
			sourceTree = "<group>";
		};
/* End PBXGroup section */

/* Begin PBXNativeTarget section */
		687DF9E41C8BF836001F2E06 /* SearchHistoryDemo */ = {
			isa = PBXNativeTarget;
			buildConfigurationList = 687DFA121C8BF837001F2E06 /* Build configuration list for PBXNativeTarget "SearchHistoryDemo" */;
			buildPhases = (
				687DF9E11C8BF836001F2E06 /* Sources */,
				687DF9E21C8BF836001F2E06 /* Frameworks */,
				687DF9E31C8BF836001F2E06 /* Resources */,
			);
			buildRules = (
			);
			dependencies = (
			);
			name = SearchHistoryDemo;
			productName = SearchHistoryDemo;
			productReference = 687DF9E51C8BF837001F2E06 /* SearchHistoryDemo.app */;
			productType = "com.apple.product-type.application";
		};
		687DF9FD1C8BF837001F2E06 /* SearchHistoryDemoTests */ = {
			isa = PBXNativeTarget;
			buildConfigurationList = 687DFA151C8BF837001F2E06 /* Build configuration list for PBXNativeTarget "SearchHistoryDemoTests" */;
			buildPhases = (
				687DF9FA1C8BF837001F2E06 /* Sources */,
				687DF9FB1C8BF837001F2E06 /* Frameworks */,
				687DF9FC1C8BF837001F2E06 /* Resources */,
			);
			buildRules = (
			);
			dependencies = (
				687DFA001C8BF837001F2E06 /* PBXTargetDependency */,
			);
			name = SearchHistoryDemoTests;
			productName = SearchHistoryDemoTests;
			productReference = 687DF9FE1C8BF837001F2E06 /* SearchHistoryDemoTests.xctest */;
			productType = "com.apple.product-type.bundle.unit-test";
		};
		687DFA081C8BF837001F2E06 /* SearchHistoryDemoUITests */ = {
			isa = PBXNativeTarget;
			buildConfigurationList = 687DFA181C8BF837001F2E06 /* Build configuration list for PBXNativeTarget "SearchHistoryDemoUITests" */;
			buildPhases = (
				687DFA051C8BF837001F2E06 /* Sources */,
				687DFA061C8BF837001F2E06 /* Frameworks */,
				687DFA071C8BF837001F2E06 /* Resources */,
			);
			buildRules = (
			);
			dependencies = (
				687DFA0B1C8BF837001F2E06 /* PBXTargetDependency */,
			);
			name = SearchHistoryDemoUITests;
			productName = SearchHistoryDemoUITests;
			productReference = 687DFA091C8BF837001F2E06 /* SearchHistoryDemoUITests.xctest */;
			productType = "com.apple.product-type.bundle.ui-testing";
		};
/* End PBXNativeTarget section */

/* Begin PBXProject section */
		687DF9DD1C8BF836001F2E06 /* Project object */ = {
			isa = PBXProject;
			attributes = {
				LastUpgradeCheck = 0710;
				ORGANIZATIONNAME = Lzq;
				TargetAttributes = {
					687DF9E41C8BF836001F2E06 = {
						CreatedOnToolsVersion = 7.1.1;
					};
					687DF9FD1C8BF837001F2E06 = {
						CreatedOnToolsVersion = 7.1.1;
						TestTargetID = 687DF9E41C8BF836001F2E06;
					};
					687DFA081C8BF837001F2E06 = {
						CreatedOnToolsVersion = 7.1.1;
						TestTargetID = 687DF9E41C8BF836001F2E06;
					};
				};
			};
			buildConfigurationList = 687DF9E01C8BF836001F2E06 /* Build configuration list for PBXProject "SearchHistoryDemo" */;
			compatibilityVersion = "Xcode 3.2";
			developmentRegion = English;
			hasScannedForEncodings = 0;
			knownRegions = (
				en,
				Base,
			);
			mainGroup = 687DF9DC1C8BF836001F2E06;
			productRefGroup = 687DF9E61C8BF837001F2E06 /* Products */;
			projectDirPath = "";
			projectRoot = "";
			targets = (
				687DF9E41C8BF836001F2E06 /* SearchHistoryDemo */,
				687DF9FD1C8BF837001F2E06 /* SearchHistoryDemoTests */,
				687DFA081C8BF837001F2E06 /* SearchHistoryDemoUITests */,
			);
		};
/* End PBXProject section */

/* Begin PBXResourcesBuildPhase section */
		687DF9E31C8BF836001F2E06 /* Resources */ = {
			isa = PBXResourcesBuildPhase;
			buildActionMask = 2147483647;
			files = (
				687DF9F81C8BF837001F2E06 /* LaunchScreen.storyboard in Resources */,
				687DF9F51C8BF837001F2E06 /* Assets.xcassets in Resources */,
				687DF9F31C8BF837001F2E06 /* Main.storyboard in Resources */,
			);
			runOnlyForDeploymentPostprocessing = 0;
		};
		687DF9FC1C8BF837001F2E06 /* Resources */ = {
			isa = PBXResourcesBuildPhase;
			buildActionMask = 2147483647;
			files = (
			);
			runOnlyForDeploymentPostprocessing = 0;
		};
		687DFA071C8BF837001F2E06 /* Resources */ = {
			isa = PBXResourcesBuildPhase;
			buildActionMask = 2147483647;
			files = (
			);
			runOnlyForDeploymentPostprocessing = 0;
		};
/* End PBXResourcesBuildPhase section */

/* Begin PBXSourcesBuildPhase section */
		687DF9E11C8BF836001F2E06 /* Sources */ = {
			isa = PBXSourcesBuildPhase;
			buildActionMask = 2147483647;
			files = (
				687DF9F01C8BF837001F2E06 /* ViewController.m in Sources */,
				687DF9ED1C8BF837001F2E06 /* AppDelegate.m in Sources */,
				687DF9EA1C8BF837001F2E06 /* main.m in Sources */,
			);
			runOnlyForDeploymentPostprocessing = 0;
		};
		687DF9FA1C8BF837001F2E06 /* Sources */ = {
			isa = PBXSourcesBuildPhase;
			buildActionMask = 2147483647;
			files = (
				687DFA031C8BF837001F2E06 /* SearchHistoryDemoTests.m in Sources */,
			);
			runOnlyForDeploymentPostprocessing = 0;
		};
		687DFA051C8BF837001F2E06 /* Sources */ = {
			isa = PBXSourcesBuildPhase;
			buildActionMask = 2147483647;
			files = (
				687DFA0E1C8BF837001F2E06 /* SearchHistoryDemoUITests.m in Sources */,
			);
			runOnlyForDeploymentPostprocessing = 0;
		};
/* End PBXSourcesBuildPhase section */

/* Begin PBXTargetDependency section */
		687DFA001C8BF837001F2E06 /* PBXTargetDependency */ = {
			isa = PBXTargetDependency;
			target = 687DF9E41C8BF836001F2E06 /* SearchHistoryDemo */;
			targetProxy = 687DF9FF1C8BF837001F2E06 /* PBXContainerItemProxy */;
		};
		687DFA0B1C8BF837001F2E06 /* PBXTargetDependency */ = {
			isa = PBXTargetDependency;
			target = 687DF9E41C8BF836001F2E06 /* SearchHistoryDemo */;
			targetProxy = 687DFA0A1C8BF837001F2E06 /* PBXContainerItemProxy */;
		};
/* End PBXTargetDependency section */

/* Begin PBXVariantGroup section */
		687DF9F11C8BF837001F2E06 /* Main.storyboard */ = {
			isa = PBXVariantGroup;
			children = (
				687DF9F21C8BF837001F2E06 /* Base */,
			);
			name = Main.storyboard;
			sourceTree = "<group>";
		};
		687DF9F61C8BF837001F2E06 /* LaunchScreen.storyboard */ = {
			isa = PBXVariantGroup;
			children = (
				687DF9F71C8BF837001F2E06 /* Base */,
			);
			name = LaunchScreen.storyboard;
			sourceTree = "<group>";
		};
/* End PBXVariantGroup section */

/* Begin XCBuildConfiguration section */
		687DFA101C8BF837001F2E06 /* Debug */ = {
			isa = XCBuildConfiguration;
			buildSettings = {
				ALWAYS_SEARCH_USER_PATHS = NO;
				CLANG_CXX_LANGUAGE_STANDARD = "gnu++0x";
				CLANG_CXX_LIBRARY = "libc++";
				CLANG_ENABLE_MODULES = YES;
				CLANG_ENABLE_OBJC_ARC = YES;
				CLANG_WARN_BOOL_CONVERSION = YES;
				CLANG_WARN_CONSTANT_CONVERSION = YES;
				CLANG_WARN_DIRECT_OBJC_ISA_USAGE = YES_ERROR;
				CLANG_WARN_EMPTY_BODY = YES;
				CLANG_WARN_ENUM_CONVERSION = YES;
				CLANG_WARN_INT_CONVERSION = YES;
				CLANG_WARN_OBJC_ROOT_CLASS = YES_ERROR;
				CLANG_WARN_UNREACHABLE_CODE = YES;
				CLANG_WARN__DUPLICATE_METHOD_MATCH = YES;
				"CODE_SIGN_IDENTITY[sdk=iphoneos*]" = "iPhone Developer";
				COPY_PHASE_STRIP = NO;
				DEBUG_INFORMATION_FORMAT = dwarf;
				ENABLE_STRICT_OBJC_MSGSEND = YES;
				ENABLE_TESTABILITY = YES;
				GCC_C_LANGUAGE_STANDARD = gnu99;
				GCC_DYNAMIC_NO_PIC = NO;
				GCC_NO_COMMON_BLOCKS = YES;
				GCC_OPTIMIZATION_LEVEL = 0;
				GCC_PREPROCESSOR_DEFINITIONS = (
					"DEBUG=1",
					"$(inherited)",
				);
				GCC_WARN_64_TO_32_BIT_CONVERSION = YES;
				GCC_WARN_ABOUT_RETURN_TYPE = YES_ERROR;
				GCC_WARN_UNDECLARED_SELECTOR = YES;
				GCC_WARN_UNINITIALIZED_AUTOS = YES_AGGRESSIVE;
				GCC_WARN_UNUSED_FUNCTION = YES;
				GCC_WARN_UNUSED_VARIABLE = YES;
				IPHONEOS_DEPLOYMENT_TARGET = 9.1;
				MTL_ENABLE_DEBUG_INFO = YES;
				ONLY_ACTIVE_ARCH = YES;
				SDKROOT = iphoneos;
			};
			name = Debug;
		};
		687DFA111C8BF837001F2E06 /* Release */ = {
			isa = XCBuildConfiguration;
			buildSettings = {
				ALWAYS_SEARCH_USER_PATHS = NO;
				CLANG_CXX_LANGUAGE_STANDARD = "gnu++0x";
				CLANG_CXX_LIBRARY = "libc++";
				CLANG_ENABLE_MODULES = YES;
				CLANG_ENABLE_OBJC_ARC = YES;
				CLANG_WARN_BOOL_CONVERSION = YES;
				CLANG_WARN_CONSTANT_CONVERSION = YES;
				CLANG_WARN_DIRECT_OBJC_ISA_USAGE = YES_ERROR;
				CLANG_WARN_EMPTY_BODY = YES;
				CLANG_WARN_ENUM_CONVERSION = YES;
				CLANG_WARN_INT_CONVERSION = YES;
				CLANG_WARN_OBJC_ROOT_CLASS = YES_ERROR;
				CLANG_WARN_UNREACHABLE_CODE = YES;
				CLANG_WARN__DUPLICATE_METHOD_MATCH = YES;
				"CODE_SIGN_IDENTITY[sdk=iphoneos*]" = "iPhone Developer";
				COPY_PHASE_STRIP = NO;
				DEBUG_INFORMATION_FORMAT = "dwarf-with-dsym";
				ENABLE_NS_ASSERTIONS = NO;
				ENABLE_STRICT_OBJC_MSGSEND = YES;
				GCC_C_LANGUAGE_STANDARD = gnu99;
				GCC_NO_COMMON_BLOCKS = YES;
				GCC_WARN_64_TO_32_BIT_CONVERSION = YES;
				GCC_WARN_ABOUT_RETURN_TYPE = YES_ERROR;
				GCC_WARN_UNDECLARED_SELECTOR = YES;
				GCC_WARN_UNINITIALIZED_AUTOS = YES_AGGRESSIVE;
				GCC_WARN_UNUSED_FUNCTION = YES;
				GCC_WARN_UNUSED_VARIABLE = YES;
				IPHONEOS_DEPLOYMENT_TARGET = 9.1;
				MTL_ENABLE_DEBUG_INFO = NO;
				SDKROOT = iphoneos;
				VALIDATE_PRODUCT = YES;
			};
			name = Release;
		};
		687DFA131C8BF837001F2E06 /* Debug */ = {
			isa = XCBuildConfiguration;
			buildSettings = {
				ASSETCATALOG_COMPILER_APPICON_NAME = AppIcon;
				INFOPLIST_FILE = SearchHistoryDemo/Info.plist;
				LD_RUNPATH_SEARCH_PATHS = "$(inherited) @executable_path/Frameworks";
				PRODUCT_BUNDLE_IDENTIFIER = DK.SearchHistoryDemo;
				PRODUCT_NAME = "$(TARGET_NAME)";
			};
			name = Debug;
		};
		687DFA141C8BF837001F2E06 /* Release */ = {
			isa = XCBuildConfiguration;
			buildSettings = {
				ASSETCATALOG_COMPILER_APPICON_NAME = AppIcon;
				INFOPLIST_FILE = SearchHistoryDemo/Info.plist;
				LD_RUNPATH_SEARCH_PATHS = "$(inherited) @executable_path/Frameworks";
				PRODUCT_BUNDLE_IDENTIFIER = DK.SearchHistoryDemo;
				PRODUCT_NAME = "$(TARGET_NAME)";
			};
			name = Release;
		};
		687DFA161C8BF837001F2E06 /* Debug */ = {
			isa = XCBuildConfiguration;
			buildSettings = {
				BUNDLE_LOADER = "$(TEST_HOST)";
				INFOPLIST_FILE = SearchHistoryDemoTests/Info.plist;
				LD_RUNPATH_SEARCH_PATHS = "$(inherited) @executable_path/Frameworks @loader_path/Frameworks";
				PRODUCT_BUNDLE_IDENTIFIER = DK.SearchHistoryDemoTests;
				PRODUCT_NAME = "$(TARGET_NAME)";
				TEST_HOST = "$(BUILT_PRODUCTS_DIR)/SearchHistoryDemo.app/SearchHistoryDemo";
			};
			name = Debug;
		};
		687DFA171C8BF837001F2E06 /* Release */ = {
			isa = XCBuildConfiguration;
			buildSettings = {
				BUNDLE_LOADER = "$(TEST_HOST)";
				INFOPLIST_FILE = SearchHistoryDemoTests/Info.plist;
				LD_RUNPATH_SEARCH_PATHS = "$(inherited) @executable_path/Frameworks @loader_path/Frameworks";
				PRODUCT_BUNDLE_IDENTIFIER = DK.SearchHistoryDemoTests;
				PRODUCT_NAME = "$(TARGET_NAME)";
				TEST_HOST = "$(BUILT_PRODUCTS_DIR)/SearchHistoryDemo.app/SearchHistoryDemo";
			};
			name = Release;
		};
		687DFA191C8BF837001F2E06 /* Debug */ = {
			isa = XCBuildConfiguration;
			buildSettings = {
				INFOPLIST_FILE = SearchHistoryDemoUITests/Info.plist;
				LD_RUNPATH_SEARCH_PATHS = "$(inherited) @executable_path/Frameworks @loader_path/Frameworks";
				PRODUCT_BUNDLE_IDENTIFIER = DK.SearchHistoryDemoUITests;
				PRODUCT_NAME = "$(TARGET_NAME)";
				TEST_TARGET_NAME = SearchHistoryDemo;
				USES_XCTRUNNER = YES;
			};
			name = Debug;
		};
		687DFA1A1C8BF837001F2E06 /* Release */ = {
			isa = XCBuildConfiguration;
			buildSettings = {
				INFOPLIST_FILE = SearchHistoryDemoUITests/Info.plist;
				LD_RUNPATH_SEARCH_PATHS = "$(inherited) @executable_path/Frameworks @loader_path/Frameworks";
				PRODUCT_BUNDLE_IDENTIFIER = DK.SearchHistoryDemoUITests;
				PRODUCT_NAME = "$(TARGET_NAME)";
				TEST_TARGET_NAME = SearchHistoryDemo;
				USES_XCTRUNNER = YES;
			};
			name = Release;
		};
/* End XCBuildConfiguration section */

/* Begin XCConfigurationList section */
		687DF9E01C8BF836001F2E06 /* Build configuration list for PBXProject "SearchHistoryDemo" */ = {
			isa = XCConfigurationList;
			buildConfigurations = (
				687DFA101C8BF837001F2E06 /* Debug */,
				687DFA111C8BF837001F2E06 /* Release */,
			);
			defaultConfigurationIsVisible = 0;
			defaultConfigurationName = Release;
		};
		687DFA121C8BF837001F2E06 /* Build configuration list for PBXNativeTarget "SearchHistoryDemo" */ = {
			isa = XCConfigurationList;
			buildConfigurations = (
				687DFA131C8BF837001F2E06 /* Debug */,
				687DFA141C8BF837001F2E06 /* Release */,
			);
			defaultConfigurationIsVisible = 0;
		};
		687DFA151C8BF837001F2E06 /* Build configuration list for PBXNativeTarget "SearchHistoryDemoTests" */ = {
			isa = XCConfigurationList;
			buildConfigurations = (
				687DFA161C8BF837001F2E06 /* Debug */,
				687DFA171C8BF837001F2E06 /* Release */,
			);
			defaultConfigurationIsVisible = 0;
		};
		687DFA181C8BF837001F2E06 /* Build configuration list for PBXNativeTarget "SearchHistoryDemoUITests" */ = {
			isa = XCConfigurationList;
			buildConfigurations = (
				687DFA191C8BF837001F2E06 /* Debug */,
				687DFA1A1C8BF837001F2E06 /* Release */,
			);
			defaultConfigurationIsVisible = 0;
		};
/* End XCConfigurationList section */
	};
	rootObject = 687DF9DD1C8BF836001F2E06 /* Project object */;
}
